
Microsoft Visual Studio Solution File, Format Version 12.00
# Visual Studio Version 16
VisualStudioVersion = 16.0.35026.282
MinimumVisualStudioVersion = 10.0.40219.1
Project("{FAE04EC0-301F-11D3-BF4B-00C04F79EFBC}") = "8100UI", "8100UI.csproj", "{EB84CC78-D00C-4BF7-AE51-ABDCA05818CC}"
EndProject
Project("{FAE04EC0-301F-11D3-BF4B-00C04F79EFBC}") = "8100UI.Services", "..\8100UI.Services\8100UI.Services.csproj", "{A71BC396-E259-46ED-8C3F-AA19933C8210}"
EndProject
Project("{FAE04EC0-301F-11D3-BF4B-00C04F79EFBC}") = "Summary", "..\Summary\Summary.csproj", "{56C99163-1929-44E9-BB9E-4FDBC1E64C1D}"
EndProject
Project("{2150E333-8FDC-42A3-9474-1A3956D46DE8}") = "8100UI.UC", "8100UI.UC", "{738257AA-5016-4BFF-9BD5-F6B783105DC8}"
EndProject
Project("{FAE04EC0-301F-11D3-BF4B-00C04F79EFBC}") = "SummaryFieldsSelect", "..\8100UI.UC\SummaryFieldsSelect\SummaryFieldsSelect.csproj", "{D703E6F7-3D0F-412F-9B3F-39D52C67756A}"
EndProject
Project("{FAE04EC0-301F-11D3-BF4B-00C04F79EFBC}") = "BigCmbDisplayBox", "..\8100UI.UC\BigCmbDisplayBox\BigCmbDisplayBox.csproj", "{6BEC2C5C-EA82-471F-9155-813FEE717D1C}"
EndProject
Project("{FAE04EC0-301F-11D3-BF4B-00C04F79EFBC}") = "MidCmbDisplayBox", "..\8100UI.UC\MidCmbDisplayBox\MidCmbDisplayBox.csproj", "{E6AA4B73-07A7-482F-B742-6DA933E60A1E}"
EndProject
Project("{FAE04EC0-301F-11D3-BF4B-00C04F79EFBC}") = "MenuBarOne", "..\8100UI.UC\MenuBarOne\MenuBarOne.csproj", "{154385D0-F0B2-4514-9DAC-BA2288AF8DC9}"
EndProject
Project("{FAE04EC0-301F-11D3-BF4B-00C04F79EFBC}") = "SetUp", "..\8100UI.UC\SetUp\SetUp.csproj", "{D7CC81CB-F6B5-4E40-B467-431C2AD8956F}"
EndProject
Project("{FAE04EC0-301F-11D3-BF4B-00C04F79EFBC}") = "ProductSelection", "..\8100UI.UC\ProductSelection\ProductSelection.csproj", "{1568ACE9-207C-4CCE-9BB8-18310CED4939}"
EndProject
Project("{FAE04EC0-301F-11D3-BF4B-00C04F79EFBC}") = "BaleGraphic", "..\BaleGraphic\BaleGraphic.csproj", "{0E9E89CD-6D9B-48C7-B38D-F4965FB1C75E}"
EndProject
Project("{FAE04EC0-301F-11D3-BF4B-00C04F79EFBC}") = "BaleStation", "..\8100UI.UC\BaleStation\BaleStation.csproj", "{0BDE64C8-5A4C-486D-BB16-D7A79545A874}"
EndProject
Project("{FAE04EC0-301F-11D3-BF4B-00C04F79EFBC}") = "PulpBale", "..\8100UI.UC\PulpBale\PulpBale.csproj", "{5FA7C52E-B2AA-4BB8-A90F-C82B92701A95}"
EndProject
Project("{FAE04EC0-301F-11D3-BF4B-00C04F79EFBC}") = "MaxBalesOnCon", "..\8100UI.UC\MaxBalesOnCon\MaxBalesOnCon.csproj", "{8C34CB15-289E-43FF-8B0E-9194388F61B6}"
EndProject
Project("{FAE04EC0-301F-11D3-BF4B-00C04F79EFBC}") = "Console", "..\Console\Console.csproj", "{61DE8119-DEB8-4786-96CD-2D2AF9D7D575}"
EndProject
Project("{FAE04EC0-301F-11D3-BF4B-00C04F79EFBC}") = "FieldModify", "..\8100UI.UC\FieldModify\FieldModify.csproj", "{FBD51080-8D19-4531-B726-4B245ACEB3D4}"
EndProject
Project("{FAE04EC0-301F-11D3-BF4B-00C04F79EFBC}") = "DateTimeModify", "..\8100UI.UC\DateTimeModify\DateTimeModify.csproj", "{34773359-CA2B-49C2-834C-6259828CE114}"
EndProject
Project("{FAE04EC0-301F-11D3-BF4B-00C04F79EFBC}") = "SheetCounter", "..\8100UI.UC\SheetCounter\SheetCounter.csproj", "{E2303F4A-8128-4B2C-9B55-858651DCAD84}"
EndProject
Project("{54435603-DBB4-11D2-8724-00A0C9A8B90C}") = "Setup8100UI", "..\Setup8100UI\Setup8100UI.vdproj", "{91B086E5-3F4C-40A4-B38E-AE736427B0C6}"
EndProject
Project("{FAE04EC0-301F-11D3-BF4B-00C04F79EFBC}") = "JobParams", "..\8100UI.UC\JobParams\JobParams.csproj", "{92449CEE-EF30-4358-8F6E-0B27A62DC3C1}"
EndProject
Project("{FAE04EC0-301F-11D3-BF4B-00C04F79EFBC}") = "Control", "..\Conveyor\Control.csproj", "{56B2F8FD-608D-4F65-A1F7-9AB226E18286}"
EndProject
Global
	GlobalSection(SolutionConfigurationPlatforms) = preSolution
		Debug|Any CPU = Debug|Any CPU
		Debug|x86 = Debug|x86
		Release|Any CPU = Release|Any CPU
		Release|x86 = Release|x86
	EndGlobalSection
	GlobalSection(ProjectConfigurationPlatforms) = postSolution
		{EB84CC78-D00C-4BF7-AE51-ABDCA05818CC}.Debug|Any CPU.ActiveCfg = Debug|Any CPU
		{EB84CC78-D00C-4BF7-AE51-ABDCA05818CC}.Debug|Any CPU.Build.0 = Debug|Any CPU
		{EB84CC78-D00C-4BF7-AE51-ABDCA05818CC}.Debug|x86.ActiveCfg = Debug|Any CPU
		{EB84CC78-D00C-4BF7-AE51-ABDCA05818CC}.Debug|x86.Build.0 = Debug|Any CPU
		{EB84CC78-D00C-4BF7-AE51-ABDCA05818CC}.Release|Any CPU.ActiveCfg = Release|Any CPU
		{EB84CC78-D00C-4BF7-AE51-ABDCA05818CC}.Release|Any CPU.Build.0 = Release|Any CPU
		{EB84CC78-D00C-4BF7-AE51-ABDCA05818CC}.Release|x86.ActiveCfg = Release|Any CPU
		{EB84CC78-D00C-4BF7-AE51-ABDCA05818CC}.Release|x86.Build.0 = Release|Any CPU
		{A71BC396-E259-46ED-8C3F-AA19933C8210}.Debug|Any CPU.ActiveCfg = Debug|Any CPU
		{A71BC396-E259-46ED-8C3F-AA19933C8210}.Debug|Any CPU.Build.0 = Debug|Any CPU
		{A71BC396-E259-46ED-8C3F-AA19933C8210}.Debug|x86.ActiveCfg = Debug|Any CPU
		{A71BC396-E259-46ED-8C3F-AA19933C8210}.Debug|x86.Build.0 = Debug|Any CPU
		{A71BC396-E259-46ED-8C3F-AA19933C8210}.Release|Any CPU.ActiveCfg = Release|Any CPU
		{A71BC396-E259-46ED-8C3F-AA19933C8210}.Release|Any CPU.Build.0 = Release|Any CPU
		{A71BC396-E259-46ED-8C3F-AA19933C8210}.Release|x86.ActiveCfg = Release|Any CPU
		{A71BC396-E259-46ED-8C3F-AA19933C8210}.Release|x86.Build.0 = Release|Any CPU
		{56C99163-1929-44E9-BB9E-4FDBC1E64C1D}.Debug|Any CPU.ActiveCfg = Debug|Any CPU
		{56C99163-1929-44E9-BB9E-4FDBC1E64C1D}.Debug|Any CPU.Build.0 = Debug|Any CPU
		{56C99163-1929-44E9-BB9E-4FDBC1E64C1D}.Debug|x86.ActiveCfg = Debug|Any CPU
		{56C99163-1929-44E9-BB9E-4FDBC1E64C1D}.Debug|x86.Build.0 = Debug|Any CPU
		{56C99163-1929-44E9-BB9E-4FDBC1E64C1D}.Release|Any CPU.ActiveCfg = Release|Any CPU
		{56C99163-1929-44E9-BB9E-4FDBC1E64C1D}.Release|Any CPU.Build.0 = Release|Any CPU
		{56C99163-1929-44E9-BB9E-4FDBC1E64C1D}.Release|x86.ActiveCfg = Release|Any CPU
		{56C99163-1929-44E9-BB9E-4FDBC1E64C1D}.Release|x86.Build.0 = Release|Any CPU
		{D703E6F7-3D0F-412F-9B3F-39D52C67756A}.Debug|Any CPU.ActiveCfg = Debug|Any CPU
		{D703E6F7-3D0F-412F-9B3F-39D52C67756A}.Debug|Any CPU.Build.0 = Debug|Any CPU
		{D703E6F7-3D0F-412F-9B3F-39D52C67756A}.Debug|x86.ActiveCfg = Debug|Any CPU
		{D703E6F7-3D0F-412F-9B3F-39D52C67756A}.Debug|x86.Build.0 = Debug|Any CPU
		{D703E6F7-3D0F-412F-9B3F-39D52C67756A}.Release|Any CPU.ActiveCfg = Release|Any CPU
		{D703E6F7-3D0F-412F-9B3F-39D52C67756A}.Release|Any CPU.Build.0 = Release|Any CPU
		{D703E6F7-3D0F-412F-9B3F-39D52C67756A}.Release|x86.ActiveCfg = Release|Any CPU
		{D703E6F7-3D0F-412F-9B3F-39D52C67756A}.Release|x86.Build.0 = Release|Any CPU
		{6BEC2C5C-EA82-471F-9155-813FEE717D1C}.Debug|Any CPU.ActiveCfg = Debug|Any CPU
		{6BEC2C5C-EA82-471F-9155-813FEE717D1C}.Debug|Any CPU.Build.0 = Debug|Any CPU
		{6BEC2C5C-EA82-471F-9155-813FEE717D1C}.Debug|x86.ActiveCfg = Debug|Any CPU
		{6BEC2C5C-EA82-471F-9155-813FEE717D1C}.Debug|x86.Build.0 = Debug|Any CPU
		{6BEC2C5C-EA82-471F-9155-813FEE717D1C}.Release|Any CPU.ActiveCfg = Release|Any CPU
		{6BEC2C5C-EA82-471F-9155-813FEE717D1C}.Release|Any CPU.Build.0 = Release|Any CPU
		{6BEC2C5C-EA82-471F-9155-813FEE717D1C}.Release|x86.ActiveCfg = Release|Any CPU
		{6BEC2C5C-EA82-471F-9155-813FEE717D1C}.Release|x86.Build.0 = Release|Any CPU
		{E6AA4B73-07A7-482F-B742-6DA933E60A1E}.Debug|Any CPU.ActiveCfg = Debug|Any CPU
		{E6AA4B73-07A7-482F-B742-6DA933E60A1E}.Debug|Any CPU.Build.0 = Debug|Any CPU
		{E6AA4B73-07A7-482F-B742-6DA933E60A1E}.Debug|x86.ActiveCfg = Debug|Any CPU
		{E6AA4B73-07A7-482F-B742-6DA933E60A1E}.Debug|x86.Build.0 = Debug|Any CPU
		{E6AA4B73-07A7-482F-B742-6DA933E60A1E}.Release|Any CPU.ActiveCfg = Release|Any CPU
		{E6AA4B73-07A7-482F-B742-6DA933E60A1E}.Release|Any CPU.Build.0 = Release|Any CPU
		{E6AA4B73-07A7-482F-B742-6DA933E60A1E}.Release|x86.ActiveCfg = Release|Any CPU
		{E6AA4B73-07A7-482F-B742-6DA933E60A1E}.Release|x86.Build.0 = Release|Any CPU
		{154385D0-F0B2-4514-9DAC-BA2288AF8DC9}.Debug|Any CPU.ActiveCfg = Debug|Any CPU
		{154385D0-F0B2-4514-9DAC-BA2288AF8DC9}.Debug|Any CPU.Build.0 = Debug|Any CPU
		{154385D0-F0B2-4514-9DAC-BA2288AF8DC9}.Debug|x86.ActiveCfg = Debug|Any CPU
		{154385D0-F0B2-4514-9DAC-BA2288AF8DC9}.Debug|x86.Build.0 = Debug|Any CPU
		{154385D0-F0B2-4514-9DAC-BA2288AF8DC9}.Release|Any CPU.ActiveCfg = Release|Any CPU
		{154385D0-F0B2-4514-9DAC-BA2288AF8DC9}.Release|Any CPU.Build.0 = Release|Any CPU
		{154385D0-F0B2-4514-9DAC-BA2288AF8DC9}.Release|x86.ActiveCfg = Release|Any CPU
		{154385D0-F0B2-4514-9DAC-BA2288AF8DC9}.Release|x86.Build.0 = Release|Any CPU
		{D7CC81CB-F6B5-4E40-B467-431C2AD8956F}.Debug|Any CPU.ActiveCfg = Debug|Any CPU
		{D7CC81CB-F6B5-4E40-B467-431C2AD8956F}.Debug|Any CPU.Build.0 = Debug|Any CPU
		{D7CC81CB-F6B5-4E40-B467-431C2AD8956F}.Debug|x86.ActiveCfg = Debug|Any CPU
		{D7CC81CB-F6B5-4E40-B467-431C2AD8956F}.Debug|x86.Build.0 = Debug|Any CPU
		{D7CC81CB-F6B5-4E40-B467-431C2AD8956F}.Release|Any CPU.ActiveCfg = Release|Any CPU
		{D7CC81CB-F6B5-4E40-B467-431C2AD8956F}.Release|Any CPU.Build.0 = Release|Any CPU
		{D7CC81CB-F6B5-4E40-B467-431C2AD8956F}.Release|x86.ActiveCfg = Release|Any CPU
		{D7CC81CB-F6B5-4E40-B467-431C2AD8956F}.Release|x86.Build.0 = Release|Any CPU
		{1568ACE9-207C-4CCE-9BB8-18310CED4939}.Debug|Any CPU.ActiveCfg = Debug|Any CPU
		{1568ACE9-207C-4CCE-9BB8-18310CED4939}.Debug|Any CPU.Build.0 = Debug|Any CPU
		{1568ACE9-207C-4CCE-9BB8-18310CED4939}.Debug|x86.ActiveCfg = Debug|Any CPU
		{1568ACE9-207C-4CCE-9BB8-18310CED4939}.Debug|x86.Build.0 = Debug|Any CPU
		{1568ACE9-207C-4CCE-9BB8-18310CED4939}.Release|Any CPU.ActiveCfg = Release|Any CPU
		{1568ACE9-207C-4CCE-9BB8-18310CED4939}.Release|Any CPU.Build.0 = Release|Any CPU
		{1568ACE9-207C-4CCE-9BB8-18310CED4939}.Release|x86.ActiveCfg = Release|Any CPU
		{1568ACE9-207C-4CCE-9BB8-18310CED4939}.Release|x86.Build.0 = Release|Any CPU
		{0E9E89CD-6D9B-48C7-B38D-F4965FB1C75E}.Debug|Any CPU.ActiveCfg = Debug|Any CPU
		{0E9E89CD-6D9B-48C7-B38D-F4965FB1C75E}.Debug|Any CPU.Build.0 = Debug|Any CPU
		{0E9E89CD-6D9B-48C7-B38D-F4965FB1C75E}.Debug|x86.ActiveCfg = Debug|Any CPU
		{0E9E89CD-6D9B-48C7-B38D-F4965FB1C75E}.Debug|x86.Build.0 = Debug|Any CPU
		{0E9E89CD-6D9B-48C7-B38D-F4965FB1C75E}.Release|Any CPU.ActiveCfg = Release|Any CPU
		{0E9E89CD-6D9B-48C7-B38D-F4965FB1C75E}.Release|Any CPU.Build.0 = Release|Any CPU
		{0E9E89CD-6D9B-48C7-B38D-F4965FB1C75E}.Release|x86.ActiveCfg = Release|Any CPU
		{0E9E89CD-6D9B-48C7-B38D-F4965FB1C75E}.Release|x86.Build.0 = Release|Any CPU
		{0BDE64C8-5A4C-486D-BB16-D7A79545A874}.Debug|Any CPU.ActiveCfg = Debug|Any CPU
		{0BDE64C8-5A4C-486D-BB16-D7A79545A874}.Debug|Any CPU.Build.0 = Debug|Any CPU
		{0BDE64C8-5A4C-486D-BB16-D7A79545A874}.Debug|x86.ActiveCfg = Debug|Any CPU
		{0BDE64C8-5A4C-486D-BB16-D7A79545A874}.Debug|x86.Build.0 = Debug|Any CPU
		{0BDE64C8-5A4C-486D-BB16-D7A79545A874}.Release|Any CPU.ActiveCfg = Release|Any CPU
		{0BDE64C8-5A4C-486D-BB16-D7A79545A874}.Release|Any CPU.Build.0 = Release|Any CPU
		{0BDE64C8-5A4C-486D-BB16-D7A79545A874}.Release|x86.ActiveCfg = Release|Any CPU
		{0BDE64C8-5A4C-486D-BB16-D7A79545A874}.Release|x86.Build.0 = Release|Any CPU
		{5FA7C52E-B2AA-4BB8-A90F-C82B92701A95}.Debug|Any CPU.ActiveCfg = Debug|Any CPU
		{5FA7C52E-B2AA-4BB8-A90F-C82B92701A95}.Debug|Any CPU.Build.0 = Debug|Any CPU
		{5FA7C52E-B2AA-4BB8-A90F-C82B92701A95}.Debug|x86.ActiveCfg = Debug|Any CPU
		{5FA7C52E-B2AA-4BB8-A90F-C82B92701A95}.Debug|x86.Build.0 = Debug|Any CPU
		{5FA7C52E-B2AA-4BB8-A90F-C82B92701A95}.Release|Any CPU.ActiveCfg = Release|Any CPU
		{5FA7C52E-B2AA-4BB8-A90F-C82B92701A95}.Release|Any CPU.Build.0 = Release|Any CPU
		{5FA7C52E-B2AA-4BB8-A90F-C82B92701A95}.Release|x86.ActiveCfg = Release|Any CPU
		{5FA7C52E-B2AA-4BB8-A90F-C82B92701A95}.Release|x86.Build.0 = Release|Any CPU
		{8C34CB15-289E-43FF-8B0E-9194388F61B6}.Debug|Any CPU.ActiveCfg = Debug|Any CPU
		{8C34CB15-289E-43FF-8B0E-9194388F61B6}.Debug|Any CPU.Build.0 = Debug|Any CPU
		{8C34CB15-289E-43FF-8B0E-9194388F61B6}.Debug|x86.ActiveCfg = Debug|Any CPU
		{8C34CB15-289E-43FF-8B0E-9194388F61B6}.Debug|x86.Build.0 = Debug|Any CPU
		{8C34CB15-289E-43FF-8B0E-9194388F61B6}.Release|Any CPU.ActiveCfg = Release|Any CPU
		{8C34CB15-289E-43FF-8B0E-9194388F61B6}.Release|Any CPU.Build.0 = Release|Any CPU
		{8C34CB15-289E-43FF-8B0E-9194388F61B6}.Release|x86.ActiveCfg = Release|Any CPU
		{8C34CB15-289E-43FF-8B0E-9194388F61B6}.Release|x86.Build.0 = Release|Any CPU
		{61DE8119-DEB8-4786-96CD-2D2AF9D7D575}.Debug|Any CPU.ActiveCfg = Debug|Any CPU
		{61DE8119-DEB8-4786-96CD-2D2AF9D7D575}.Debug|Any CPU.Build.0 = Debug|Any CPU
		{61DE8119-DEB8-4786-96CD-2D2AF9D7D575}.Debug|x86.ActiveCfg = Debug|Any CPU
		{61DE8119-DEB8-4786-96CD-2D2AF9D7D575}.Debug|x86.Build.0 = Debug|Any CPU
		{61DE8119-DEB8-4786-96CD-2D2AF9D7D575}.Release|Any CPU.ActiveCfg = Release|Any CPU
		{61DE8119-DEB8-4786-96CD-2D2AF9D7D575}.Release|Any CPU.Build.0 = Release|Any CPU
		{61DE8119-DEB8-4786-96CD-2D2AF9D7D575}.Release|x86.ActiveCfg = Release|Any CPU
		{61DE8119-DEB8-4786-96CD-2D2AF9D7D575}.Release|x86.Build.0 = Release|Any CPU
		{FBD51080-8D19-4531-B726-4B245ACEB3D4}.Debug|Any CPU.ActiveCfg = Debug|Any CPU
		{FBD51080-8D19-4531-B726-4B245ACEB3D4}.Debug|Any CPU.Build.0 = Debug|Any CPU
		{FBD51080-8D19-4531-B726-4B245ACEB3D4}.Debug|x86.ActiveCfg = Debug|Any CPU
		{FBD51080-8D19-4531-B726-4B245ACEB3D4}.Debug|x86.Build.0 = Debug|Any CPU
		{FBD51080-8D19-4531-B726-4B245ACEB3D4}.Release|Any CPU.ActiveCfg = Release|Any CPU
		{FBD51080-8D19-4531-B726-4B245ACEB3D4}.Release|Any CPU.Build.0 = Release|Any CPU
		{FBD51080-8D19-4531-B726-4B245ACEB3D4}.Release|x86.ActiveCfg = Release|Any CPU
		{FBD51080-8D19-4531-B726-4B245ACEB3D4}.Release|x86.Build.0 = Release|Any CPU
		{34773359-CA2B-49C2-834C-6259828CE114}.Debug|Any CPU.ActiveCfg = Debug|Any CPU
		{34773359-CA2B-49C2-834C-6259828CE114}.Debug|Any CPU.Build.0 = Debug|Any CPU
		{34773359-CA2B-49C2-834C-6259828CE114}.Debug|x86.ActiveCfg = Debug|Any CPU
		{34773359-CA2B-49C2-834C-6259828CE114}.Debug|x86.Build.0 = Debug|Any CPU
		{34773359-CA2B-49C2-834C-6259828CE114}.Release|Any CPU.ActiveCfg = Release|Any CPU
		{34773359-CA2B-49C2-834C-6259828CE114}.Release|Any CPU.Build.0 = Release|Any CPU
		{34773359-CA2B-49C2-834C-6259828CE114}.Release|x86.ActiveCfg = Release|Any CPU
		{34773359-CA2B-49C2-834C-6259828CE114}.Release|x86.Build.0 = Release|Any CPU
		{E2303F4A-8128-4B2C-9B55-858651DCAD84}.Debug|Any CPU.ActiveCfg = Debug|Any CPU
		{E2303F4A-8128-4B2C-9B55-858651DCAD84}.Debug|Any CPU.Build.0 = Debug|Any CPU
		{E2303F4A-8128-4B2C-9B55-858651DCAD84}.Debug|x86.ActiveCfg = Debug|Any CPU
		{E2303F4A-8128-4B2C-9B55-858651DCAD84}.Debug|x86.Build.0 = Debug|Any CPU
		{E2303F4A-8128-4B2C-9B55-858651DCAD84}.Release|Any CPU.ActiveCfg = Release|Any CPU
		{E2303F4A-8128-4B2C-9B55-858651DCAD84}.Release|Any CPU.Build.0 = Release|Any CPU
		{E2303F4A-8128-4B2C-9B55-858651DCAD84}.Release|x86.ActiveCfg = Release|Any CPU
		{E2303F4A-8128-4B2C-9B55-858651DCAD84}.Release|x86.Build.0 = Release|Any CPU
		{91B086E5-3F4C-40A4-B38E-AE736427B0C6}.Debug|Any CPU.ActiveCfg = Debug
		{91B086E5-3F4C-40A4-B38E-AE736427B0C6}.Debug|x86.ActiveCfg = Debug
		{91B086E5-3F4C-40A4-B38E-AE736427B0C6}.Debug|x86.Build.0 = Debug
		{91B086E5-3F4C-40A4-B38E-AE736427B0C6}.Release|Any CPU.ActiveCfg = Release
		{91B086E5-3F4C-40A4-B38E-AE736427B0C6}.Release|x86.ActiveCfg = Release
		{91B086E5-3F4C-40A4-B38E-AE736427B0C6}.Release|x86.Build.0 = Release
		{92449CEE-EF30-4358-8F6E-0B27A62DC3C1}.Debug|Any CPU.ActiveCfg = Debug|Any CPU
		{92449CEE-EF30-4358-8F6E-0B27A62DC3C1}.Debug|Any CPU.Build.0 = Debug|Any CPU
		{92449CEE-EF30-4358-8F6E-0B27A62DC3C1}.Debug|x86.ActiveCfg = Debug|Any CPU
		{92449CEE-EF30-4358-8F6E-0B27A62DC3C1}.Debug|x86.Build.0 = Debug|Any CPU
		{92449CEE-EF30-4358-8F6E-0B27A62DC3C1}.Release|Any CPU.ActiveCfg = Release|Any CPU
		{92449CEE-EF30-4358-8F6E-0B27A62DC3C1}.Release|Any CPU.Build.0 = Release|Any CPU
		{92449CEE-EF30-4358-8F6E-0B27A62DC3C1}.Release|x86.ActiveCfg = Release|Any CPU
		{92449CEE-EF30-4358-8F6E-0B27A62DC3C1}.Release|x86.Build.0 = Release|Any CPU
		{56B2F8FD-608D-4F65-A1F7-9AB226E18286}.Debug|Any CPU.ActiveCfg = Debug|Any CPU
		{56B2F8FD-608D-4F65-A1F7-9AB226E18286}.Debug|Any CPU.Build.0 = Debug|Any CPU
		{56B2F8FD-608D-4F65-A1F7-9AB226E18286}.Debug|x86.ActiveCfg = Debug|Any CPU
		{56B2F8FD-608D-4F65-A1F7-9AB226E18286}.Debug|x86.Build.0 = Debug|Any CPU
		{56B2F8FD-608D-4F65-A1F7-9AB226E18286}.Release|Any CPU.ActiveCfg = Release|Any CPU
		{56B2F8FD-608D-4F65-A1F7-9AB226E18286}.Release|Any CPU.Build.0 = Release|Any CPU
		{56B2F8FD-608D-4F65-A1F7-9AB226E18286}.Release|x86.ActiveCfg = Release|Any CPU
		{56B2F8FD-608D-4F65-A1F7-9AB226E18286}.Release|x86.Build.0 = Release|Any CPU
	EndGlobalSection
	GlobalSection(SolutionProperties) = preSolution
		HideSolutionNode = FALSE
	EndGlobalSection
	GlobalSection(NestedProjects) = preSolution
		{D703E6F7-3D0F-412F-9B3F-39D52C67756A} = {738257AA-5016-4BFF-9BD5-F6B783105DC8}
		{6BEC2C5C-EA82-471F-9155-813FEE717D1C} = {738257AA-5016-4BFF-9BD5-F6B783105DC8}
		{E6AA4B73-07A7-482F-B742-6DA933E60A1E} = {738257AA-5016-4BFF-9BD5-F6B783105DC8}
		{154385D0-F0B2-4514-9DAC-BA2288AF8DC9} = {738257AA-5016-4BFF-9BD5-F6B783105DC8}
		{D7CC81CB-F6B5-4E40-B467-431C2AD8956F} = {738257AA-5016-4BFF-9BD5-F6B783105DC8}
		{1568ACE9-207C-4CCE-9BB8-18310CED4939} = {738257AA-5016-4BFF-9BD5-F6B783105DC8}
		{0BDE64C8-5A4C-486D-BB16-D7A79545A874} = {738257AA-5016-4BFF-9BD5-F6B783105DC8}
		{5FA7C52E-B2AA-4BB8-A90F-C82B92701A95} = {738257AA-5016-4BFF-9BD5-F6B783105DC8}
		{8C34CB15-289E-43FF-8B0E-9194388F61B6} = {738257AA-5016-4BFF-9BD5-F6B783105DC8}
		{FBD51080-8D19-4531-B726-4B245ACEB3D4} = {738257AA-5016-4BFF-9BD5-F6B783105DC8}
		{34773359-CA2B-49C2-834C-6259828CE114} = {738257AA-5016-4BFF-9BD5-F6B783105DC8}
		{E2303F4A-8128-4B2C-9B55-858651DCAD84} = {738257AA-5016-4BFF-9BD5-F6B783105DC8}
		{92449CEE-EF30-4358-8F6E-0B27A62DC3C1} = {738257AA-5016-4BFF-9BD5-F6B783105DC8}
		{56B2F8FD-608D-4F65-A1F7-9AB226E18286} = {738257AA-5016-4BFF-9BD5-F6B783105DC8}
	EndGlobalSection
	GlobalSection(ExtensibilityGlobals) = postSolution
		SolutionGuid = {69C21065-F320-4502-BFF3-785EE851DEBF}
	EndGlobalSection
EndGlobal
